<?xml version="1.0" encoding="utf-8"?>
<Project ToolsVersion="4.0" xmlns="http://schemas.microsoft.com/developer/msbuild/2003">
  <ItemGroup>
    <ClCompile Include="Component.cpp">
      <Filter>CPPs</Filter>
    </ClCompile>
    <ClCompile Include="BodyComponent.cpp">
      <Filter>CPPs</Filter>
    </ClCompile>
    <ClCompile Include="Credits.cpp">
      <Filter>CPPs</Filter>
    </ClCompile>
    <ClCompile Include="Entity.cpp">
      <Filter>CPPs</Filter>
    </ClCompile>
    <ClCompile Include="EntityManager.cpp">
      <Filter>CPPs</Filter>
    </ClCompile>
    <ClCompile Include="Game.cpp">
      <Filter>CPPs</Filter>
    </ClCompile>
    <ClCompile Include="Gameplay.cpp">
      <Filter>CPPs</Filter>
    </ClCompile>
    <ClCompile Include="Intro.cpp">
      <Filter>CPPs</Filter>
    </ClCompile>
    <ClCompile Include="Main.cpp">
      <Filter>CPPs</Filter>
    </ClCompile>
    <ClCompile Include="MainMenu.cpp">
      <Filter>CPPs</Filter>
    </ClCompile>
    <ClCompile Include="Map.cpp">
      <Filter>CPPs</Filter>
    </ClCompile>
    <ClCompile Include="MapTile.cpp">
      <Filter>CPPs</Filter>
    </ClCompile>
    <ClCompile Include="Options.cpp">
      <Filter>CPPs</Filter>
    </ClCompile>
    <ClCompile Include="PositionComponent.cpp">
      <Filter>CPPs</Filter>
    </ClCompile>
    <ClCompile Include="Splash.cpp">
      <Filter>CPPs</Filter>
    </ClCompile>
    <ClCompile Include="SpriteComponent.cpp">
      <Filter>CPPs</Filter>
    </ClCompile>
    <ClCompile Include="System.cpp">
      <Filter>CPPs</Filter>
    </ClCompile>
    <ClCompile Include="VelocityComponent.cpp">
      <Filter>CPPs</Filter>
    </ClCompile>
  </ItemGroup>
  <ItemGroup>
    <ClInclude Include="BodyComponent.h">
      <Filter>Headers</Filter>
    </ClInclude>
    <ClInclude Include="Component.h">
      <Filter>Headers</Filter>
    </ClInclude>
    <ClInclude Include="Credits.h">
      <Filter>Headers</Filter>
    </ClInclude>
    <ClInclude Include="Entity.h">
      <Filter>Headers</Filter>
    </ClInclude>
    <ClInclude Include="EntityManager.h">
      <Filter>Headers</Filter>
    </ClInclude>
    <ClInclude Include="Game.h">
      <Filter>Headers</Filter>
    </ClInclude>
    <ClInclude Include="Gameplay.h">
      <Filter>Headers</Filter>
    </ClInclude>
    <ClInclude Include="Gamestate.h">
      <Filter>Headers</Filter>
    </ClInclude>
    <ClInclude Include="LevelState.h">
      <Filter>Headers</Filter>
    </ClInclude>
    <ClInclude Include="MainMenu.h">
      <Filter>Headers</Filter>
    </ClInclude>
    <ClInclude Include="Map.h">
      <Filter>Headers</Filter>
    </ClInclude>
    <ClInclude Include="Intro.h">
      <Filter>Headers</Filter>
    </ClInclude>
    <ClInclude Include="MapHolder.h">
      <Filter>Headers</Filter>
    </ClInclude>
    <ClInclude Include="MapTile.h">
      <Filter>Headers</Filter>
    </ClInclude>
    <ClInclude Include="Options.h">
      <Filter>Headers</Filter>
    </ClInclude>
    <ClInclude Include="VelocityComponent.h">
      <Filter>Headers</Filter>
    </ClInclude>
    <ClInclude Include="Vector2.h">
      <Filter>Headers</Filter>
    </ClInclude>
    <ClInclude Include="System.h">
      <Filter>Headers</Filter>
    </ClInclude>
    <ClInclude Include="SpriteComponent.h">
      <Filter>Headers</Filter>
    </ClInclude>
    <ClInclude Include="PositionComponent.h">
      <Filter>Headers</Filter>
    </ClInclude>
    <ClInclude Include="Splash.h">
      <Filter>Headers</Filter>
    </ClInclude>
  </ItemGroup>
  <ItemGroup>
    <Filter Include="Headers">
      <UniqueIdentifier>{a121a169-2e30-40eb-92cf-a477f4a73bfd}</UniqueIdentifier>
    </Filter>
    <Filter Include="CPPs">
      <UniqueIdentifier>{af633a14-b31e-4c49-9cfb-f83dfa67f78e}</UniqueIdentifier>
    </Filter>
  </ItemGroup>
</Project>